// !$*UTF8*$!
{
	archiveVersion = 1;
	classes = {
	};
	objectVersion = 56;
	objects = {

/* Begin PBXBuildFile section */
		734758AA2B0F038B00E56CA2 /* AppDelegate.m in Sources */ = {isa = PBXBuildFile; fileRef = 734758A92B0F038B00E56CA2 /* AppDelegate.m */; };
		734758AD2B0F038B00E56CA2 /* SceneDelegate.m in Sources */ = {isa = PBXBuildFile; fileRef = 734758AC2B0F038B00E56CA2 /* SceneDelegate.m */; };
		734758B02B0F038B00E56CA2 /* ViewController.m in Sources */ = {isa = PBXBuildFile; fileRef = 734758AF2B0F038B00E56CA2 /* ViewController.m */; };
		734758B32B0F038B00E56CA2 /* Main.storyboard in Resources */ = {isa = PBXBuildFile; fileRef = 734758B12B0F038B00E56CA2 /* Main.storyboard */; };
		734758B52B0F038D00E56CA2 /* Assets.xcassets in Resources */ = {isa = PBXBuildFile; fileRef = 734758B42B0F038D00E56CA2 /* Assets.xcassets */; };
		734758B82B0F038D00E56CA2 /* LaunchScreen.storyboard in Resources */ = {isa = PBXBuildFile; fileRef = 734758B62B0F038D00E56CA2 /* LaunchScreen.storyboard */; };
		734758BB2B0F038D00E56CA2 /* main.m in Sources */ = {isa = PBXBuildFile; fileRef = 734758BA2B0F038D00E56CA2 /* main.m */; };
		734758C22B0F03E700E56CA2 /* main.js in Resources */ = {isa = PBXBuildFile; fileRef = 734758C12B0F03E700E56CA2 /* main.js */; };
		734758C62B0F04EF00E56CA2 /* Tokenizer.m in Sources */ = {isa = PBXBuildFile; fileRef = 734758C52B0F04EF00E56CA2 /* Tokenizer.m */; };
		734758C92B0F1F3E00E56CA2 /* TokenKind.m in Sources */ = {isa = PBXBuildFile; fileRef = 734758C82B0F1F3E00E56CA2 /* TokenKind.m */; };
		734758CC2B0F258200E56CA2 /* ProgCharStream.m in Sources */ = {isa = PBXBuildFile; fileRef = 734758CB2B0F258200E56CA2 /* ProgCharStream.m */; };
		734758D02B108D2700E56CA2 /* AstNode.m in Sources */ = {isa = PBXBuildFile; fileRef = 734758CF2B108D2700E56CA2 /* AstNode.m */; };
		734758D32B108E0500E56CA2 /* AstParser.m in Sources */ = {isa = PBXBuildFile; fileRef = 734758D22B108E0500E56CA2 /* AstParser.m */; };
		734DD1912B15E6D400A02477 /* Prog.m in Sources */ = {isa = PBXBuildFile; fileRef = 734DD1902B15E6D400A02477 /* Prog.m */; };
		734DD1942B15EFB600A02477 /* AstFuncCall.m in Sources */ = {isa = PBXBuildFile; fileRef = 734DD1932B15EFB600A02477 /* AstFuncCall.m */; };
		734DD1972B15EFDC00A02477 /* AstFuncDecl.m in Sources */ = {isa = PBXBuildFile; fileRef = 734DD1962B15EFDC00A02477 /* AstFuncDecl.m */; };
		734DD19A2B15EFED00A02477 /* AstFuncBody.m in Sources */ = {isa = PBXBuildFile; fileRef = 734DD1992B15EFED00A02477 /* AstFuncBody.m */; };
/* End PBXBuildFile section */

/* Begin PBXFileReference section */
		734758A52B0F038B00E56CA2 /* Lang.app */ = {isa = PBXFileReference; explicitFileType = wrapper.application; includeInIndex = 0; path = Lang.app; sourceTree = BUILT_PRODUCTS_DIR; };
		734758A82B0F038B00E56CA2 /* AppDelegate.h */ = {isa = PBXFileReference; lastKnownFileType = sourcecode.c.h; path = AppDelegate.h; sourceTree = "<group>"; };
		734758A92B0F038B00E56CA2 /* AppDelegate.m */ = {isa = PBXFileReference; lastKnownFileType = sourcecode.c.objc; path = AppDelegate.m; sourceTree = "<group>"; };
		734758AB2B0F038B00E56CA2 /* SceneDelegate.h */ = {isa = PBXFileReference; lastKnownFileType = sourcecode.c.h; path = SceneDelegate.h; sourceTree = "<group>"; };
		734758AC2B0F038B00E56CA2 /* SceneDelegate.m */ = {isa = PBXFileReference; lastKnownFileType = sourcecode.c.objc; path = SceneDelegate.m; sourceTree = "<group>"; };
		734758AE2B0F038B00E56CA2 /* ViewController.h */ = {isa = PBXFileReference; lastKnownFileType = sourcecode.c.h; path = ViewController.h; sourceTree = "<group>"; };
		734758AF2B0F038B00E56CA2 /* ViewController.m */ = {isa = PBXFileReference; lastKnownFileType = sourcecode.c.objc; path = ViewController.m; sourceTree = "<group>"; };
		734758B22B0F038B00E56CA2 /* Base */ = {isa = PBXFileReference; lastKnownFileType = file.storyboard; name = Base; path = Base.lproj/Main.storyboard; sourceTree = "<group>"; };
		734758B42B0F038D00E56CA2 /* Assets.xcassets */ = {isa = PBXFileReference; lastKnownFileType = folder.assetcatalog; path = Assets.xcassets; sourceTree = "<group>"; };
		734758B72B0F038D00E56CA2 /* Base */ = {isa = PBXFileReference; lastKnownFileType = file.storyboard; name = Base; path = Base.lproj/LaunchScreen.storyboard; sourceTree = "<group>"; };
		734758B92B0F038D00E56CA2 /* Info.plist */ = {isa = PBXFileReference; lastKnownFileType = text.plist.xml; path = Info.plist; sourceTree = "<group>"; };
		734758BA2B0F038D00E56CA2 /* main.m */ = {isa = PBXFileReference; lastKnownFileType = sourcecode.c.objc; path = main.m; sourceTree = "<group>"; };
		734758C12B0F03E700E56CA2 /* main.js */ = {isa = PBXFileReference; fileEncoding = 4; lastKnownFileType = sourcecode.javascript; path = main.js; sourceTree = "<group>"; };
		734758C42B0F04EF00E56CA2 /* Tokenizer.h */ = {isa = PBXFileReference; lastKnownFileType = sourcecode.c.h; path = Tokenizer.h; sourceTree = "<group>"; };
		734758C52B0F04EF00E56CA2 /* Tokenizer.m */ = {isa = PBXFileReference; lastKnownFileType = sourcecode.c.objc; path = Tokenizer.m; sourceTree = "<group>"; };
		734758C72B0F1F3E00E56CA2 /* TokenKind.h */ = {isa = PBXFileReference; lastKnownFileType = sourcecode.c.h; path = TokenKind.h; sourceTree = "<group>"; };
		734758C82B0F1F3E00E56CA2 /* TokenKind.m */ = {isa = PBXFileReference; lastKnownFileType = sourcecode.c.objc; path = TokenKind.m; sourceTree = "<group>"; };
		734758CA2B0F258200E56CA2 /* ProgCharStream.h */ = {isa = PBXFileReference; lastKnownFileType = sourcecode.c.h; path = ProgCharStream.h; sourceTree = "<group>"; };
		734758CB2B0F258200E56CA2 /* ProgCharStream.m */ = {isa = PBXFileReference; lastKnownFileType = sourcecode.c.objc; path = ProgCharStream.m; sourceTree = "<group>"; };
		734758CE2B108D2700E56CA2 /* AstNode.h */ = {isa = PBXFileReference; lastKnownFileType = sourcecode.c.h; path = AstNode.h; sourceTree = "<group>"; };
		734758CF2B108D2700E56CA2 /* AstNode.m */ = {isa = PBXFileReference; lastKnownFileType = sourcecode.c.objc; path = AstNode.m; sourceTree = "<group>"; };
		734758D12B108E0500E56CA2 /* AstParser.h */ = {isa = PBXFileReference; lastKnownFileType = sourcecode.c.h; path = AstParser.h; sourceTree = "<group>"; };
		734758D22B108E0500E56CA2 /* AstParser.m */ = {isa = PBXFileReference; lastKnownFileType = sourcecode.c.objc; path = AstParser.m; sourceTree = "<group>"; };
		734DD18F2B15E6D400A02477 /* Prog.h */ = {isa = PBXFileReference; lastKnownFileType = sourcecode.c.h; path = Prog.h; sourceTree = "<group>"; };
		734DD1902B15E6D400A02477 /* Prog.m */ = {isa = PBXFileReference; lastKnownFileType = sourcecode.c.objc; path = Prog.m; sourceTree = "<group>"; };
		734DD1922B15EFB600A02477 /* AstFuncCall.h */ = {isa = PBXFileReference; lastKnownFileType = sourcecode.c.h; path = AstFuncCall.h; sourceTree = "<group>"; };
		734DD1932B15EFB600A02477 /* AstFuncCall.m */ = {isa = PBXFileReference; lastKnownFileType = sourcecode.c.objc; path = AstFuncCall.m; sourceTree = "<group>"; };
		734DD1952B15EFDC00A02477 /* AstFuncDecl.h */ = {isa = PBXFileReference; lastKnownFileType = sourcecode.c.h; path = AstFuncDecl.h; sourceTree = "<group>"; };
		734DD1962B15EFDC00A02477 /* AstFuncDecl.m */ = {isa = PBXFileReference; lastKnownFileType = sourcecode.c.objc; path = AstFuncDecl.m; sourceTree = "<group>"; };
		734DD1982B15EFED00A02477 /* AstFuncBody.h */ = {isa = PBXFileReference; lastKnownFileType = sourcecode.c.h; path = AstFuncBody.h; sourceTree = "<group>"; };
		734DD1992B15EFED00A02477 /* AstFuncBody.m */ = {isa = PBXFileReference; lastKnownFileType = sourcecode.c.objc; path = AstFuncBody.m; sourceTree = "<group>"; };
/* End PBXFileReference section */

/* Begin PBXFrameworksBuildPhase section */
		734758A22B0F038B00E56CA2 /* Frameworks */ = {
			isa = PBXFrameworksBuildPhase;
			buildActionMask = 2147483647;
			files = (
			);
			runOnlyForDeploymentPostprocessing = 0;
		};
/* End PBXFrameworksBuildPhase section */

/* Begin PBXGroup section */
		7347589C2B0F038B00E56CA2 = {
			isa = PBXGroup;
			children = (
				734758A72B0F038B00E56CA2 /* Lang */,
				734758A62B0F038B00E56CA2 /* Products */,
			);
			sourceTree = "<group>";
		};
		734758A62B0F038B00E56CA2 /* Products */ = {
			isa = PBXGroup;
			children = (
				734758A52B0F038B00E56CA2 /* Lang.app */,
			);
			name = Products;
			sourceTree = "<group>";
		};
		734758A72B0F038B00E56CA2 /* Lang */ = {
			isa = PBXGroup;
			children = (
				734758CD2B108D1200E56CA2 /* AST */,
				734758C32B0F048800E56CA2 /* Token */,
				734758C12B0F03E700E56CA2 /* main.js */,
				734758A82B0F038B00E56CA2 /* AppDelegate.h */,
				734758A92B0F038B00E56CA2 /* AppDelegate.m */,
				734758AB2B0F038B00E56CA2 /* SceneDelegate.h */,
				734758AC2B0F038B00E56CA2 /* SceneDelegate.m */,
				734758AE2B0F038B00E56CA2 /* ViewController.h */,
				734758AF2B0F038B00E56CA2 /* ViewController.m */,
				734758B12B0F038B00E56CA2 /* Main.storyboard */,
				734758B42B0F038D00E56CA2 /* Assets.xcassets */,
				734758B62B0F038D00E56CA2 /* LaunchScreen.storyboard */,
				734758B92B0F038D00E56CA2 /* Info.plist */,
				734758BA2B0F038D00E56CA2 /* main.m */,
			);
			path = Lang;
			sourceTree = "<group>";
		};
		734758C32B0F048800E56CA2 /* Token */ = {
			isa = PBXGroup;
			children = (
				734758C42B0F04EF00E56CA2 /* Tokenizer.h */,
				734758C52B0F04EF00E56CA2 /* Tokenizer.m */,
				734758C72B0F1F3E00E56CA2 /* TokenKind.h */,
				734758C82B0F1F3E00E56CA2 /* TokenKind.m */,
				734758CA2B0F258200E56CA2 /* ProgCharStream.h */,
				734758CB2B0F258200E56CA2 /* ProgCharStream.m */,
			);
			path = Token;
			sourceTree = "<group>";
		};
		734758CD2B108D1200E56CA2 /* AST */ = {
			isa = PBXGroup;
			children = (
				734758CE2B108D2700E56CA2 /* AstNode.h */,
				734758CF2B108D2700E56CA2 /* AstNode.m */,
				734758D12B108E0500E56CA2 /* AstParser.h */,
				734758D22B108E0500E56CA2 /* AstParser.m */,
				734DD1922B15EFB600A02477 /* AstFuncCall.h */,
				734DD1932B15EFB600A02477 /* AstFuncCall.m */,
				734DD1952B15EFDC00A02477 /* AstFuncDecl.h */,
				734DD1962B15EFDC00A02477 /* AstFuncDecl.m */,
				734DD1982B15EFED00A02477 /* AstFuncBody.h */,
				734DD1992B15EFED00A02477 /* AstFuncBody.m */,
				734DD18F2B15E6D400A02477 /* Prog.h */,
				734DD1902B15E6D400A02477 /* Prog.m */,
			);
			path = AST;
			sourceTree = "<group>";
		};
/* End PBXGroup section */

/* Begin PBXNativeTarget section */
		734758A42B0F038B00E56CA2 /* Lang */ = {
			isa = PBXNativeTarget;
			buildConfigurationList = 734758BE2B0F038D00E56CA2 /* Build configuration list for PBXNativeTarget "Lang" */;
			buildPhases = (
				734758A12B0F038B00E56CA2 /* Sources */,
				734758A22B0F038B00E56CA2 /* Frameworks */,
				734758A32B0F038B00E56CA2 /* Resources */,
			);
			buildRules = (
			);
			dependencies = (
			);
			name = Lang;
			productName = Lang;
			productReference = 734758A52B0F038B00E56CA2 /* Lang.app */;
			productType = "com.apple.product-type.application";
		};
/* End PBXNativeTarget section */

/* Begin PBXProject section */
		7347589D2B0F038B00E56CA2 /* Project object */ = {
			isa = PBXProject;
			attributes = {
				BuildIndependentTargetsInParallel = 1;
				LastUpgradeCheck = 1500;
				TargetAttributes = {
					734758A42B0F038B00E56CA2 = {
						CreatedOnToolsVersion = 15.0;
					};
				};
			};
			buildConfigurationList = 734758A02B0F038B00E56CA2 /* Build configuration list for PBXProject "Lang" */;
			compatibilityVersion = "Xcode 14.0";
			developmentRegion = en;
			hasScannedForEncodings = 0;
			knownRegions = (
				en,
				Base,
			);
			mainGroup = 7347589C2B0F038B00E56CA2;
			productRefGroup = 734758A62B0F038B00E56CA2 /* Products */;
			projectDirPath = "";
			projectRoot = "";
			targets = (
				734758A42B0F038B00E56CA2 /* Lang */,
			);
		};
/* End PBXProject section */

/* Begin PBXResourcesBuildPhase section */
		734758A32B0F038B00E56CA2 /* Resources */ = {
			isa = PBXResourcesBuildPhase;
			buildActionMask = 2147483647;
			files = (
				734758B82B0F038D00E56CA2 /* LaunchScreen.storyboard in Resources */,
				734758B52B0F038D00E56CA2 /* Assets.xcassets in Resources */,
				734758B32B0F038B00E56CA2 /* Main.storyboard in Resources */,
				734758C22B0F03E700E56CA2 /* main.js in Resources */,
			);
			runOnlyForDeploymentPostprocessing = 0;
		};
/* End PBXResourcesBuildPhase section */

/* Begin PBXSourcesBuildPhase section */
		734758A12B0F038B00E56CA2 /* Sources */ = {
			isa = PBXSourcesBuildPhase;
			buildActionMask = 2147483647;
			files = (
				734758CC2B0F258200E56CA2 /* ProgCharStream.m in Sources */,
				734DD1942B15EFB600A02477 /* AstFuncCall.m in Sources */,
				734758D32B108E0500E56CA2 /* AstParser.m in Sources */,
				734758B02B0F038B00E56CA2 /* ViewController.m in Sources */,
				734DD1972B15EFDC00A02477 /* AstFuncDecl.m in Sources */,
				734758D02B108D2700E56CA2 /* AstNode.m in Sources */,
				734758AA2B0F038B00E56CA2 /* AppDelegate.m in Sources */,
				734DD1912B15E6D400A02477 /* Prog.m in Sources */,
				734758BB2B0F038D00E56CA2 /* main.m in Sources */,
				734758C92B0F1F3E00E56CA2 /* TokenKind.m in Sources */,
				734758C62B0F04EF00E56CA2 /* Tokenizer.m in Sources */,
				734DD19A2B15EFED00A02477 /* AstFuncBody.m in Sources */,
				734758AD2B0F038B00E56CA2 /* SceneDelegate.m in Sources */,
			);
			runOnlyForDeploymentPostprocessing = 0;
		};
/* End PBXSourcesBuildPhase section */

/* Begin PBXVariantGroup section */
		734758B12B0F038B00E56CA2 /* Main.storyboard */ = {
			isa = PBXVariantGroup;
			children = (
				734758B22B0F038B00E56CA2 /* Base */,
			);
			name = Main.storyboard;
			sourceTree = "<group>";
		};
		734758B62B0F038D00E56CA2 /* LaunchScreen.storyboard */ = {
			isa = PBXVariantGroup;
			children = (
				734758B72B0F038D00E56CA2 /* Base */,
			);
			name = LaunchScreen.storyboard;
			sourceTree = "<group>";
		};
/* End PBXVariantGroup section */

/* Begin XCBuildConfiguration section */
		734758BC2B0F038D00E56CA2 /* Debug */ = {
			isa = XCBuildConfiguration;
			buildSettings = {
				ALWAYS_SEARCH_USER_PATHS = NO;
				ASSETCATALOG_COMPILER_GENERATE_SWIFT_ASSET_SYMBOL_EXTENSIONS = YES;
				CLANG_ANALYZER_NONNULL = YES;
				CLANG_ANALYZER_NUMBER_OBJECT_CONVERSION = YES_AGGRESSIVE;
				CLANG_CXX_LANGUAGE_STANDARD = "gnu++20";
				CLANG_ENABLE_MODULES = YES;
				CLANG_ENABLE_OBJC_ARC = YES;
				CLANG_ENABLE_OBJC_WEAK = YES;
				CLANG_WARN_BLOCK_CAPTURE_AUTORELEASING = YES;
				CLANG_WARN_BOOL_CONVERSION = YES;
				CLANG_WARN_COMMA = YES;
				CLANG_WARN_CONSTANT_CONVERSION = YES;
				CLANG_WARN_DEPRECATED_OBJC_IMPLEMENTATIONS = YES;
				CLANG_WARN_DIRECT_OBJC_ISA_USAGE = YES_ERROR;
				CLANG_WARN_DOCUMENTATION_COMMENTS = YES;
				CLANG_WARN_EMPTY_BODY = YES;
				CLANG_WARN_ENUM_CONVERSION = YES;
				CLANG_WARN_INFINITE_RECURSION = YES;
				CLANG_WARN_INT_CONVERSION = YES;
				CLANG_WARN_NON_LITERAL_NULL_CONVERSION = YES;
				CLANG_WARN_OBJC_IMPLICIT_RETAIN_SELF = YES;
				CLANG_WARN_OBJC_LITERAL_CONVERSION = YES;
				CLANG_WARN_OBJC_ROOT_CLASS = YES_ERROR;
				CLANG_WARN_QUOTED_INCLUDE_IN_FRAMEWORK_HEADER = YES;
				CLANG_WARN_RANGE_LOOP_ANALYSIS = YES;
				CLANG_WARN_STRICT_PROTOTYPES = YES;
				CLANG_WARN_SUSPICIOUS_MOVE = YES;
				CLANG_WARN_UNGUARDED_AVAILABILITY = YES_AGGRESSIVE;
				CLANG_WARN_UNREACHABLE_CODE = YES;
				CLANG_WARN__DUPLICATE_METHOD_MATCH = YES;
				COPY_PHASE_STRIP = NO;
				DEBUG_INFORMATION_FORMAT = dwarf;
				ENABLE_STRICT_OBJC_MSGSEND = YES;
				ENABLE_TESTABILITY = YES;
				ENABLE_USER_SCRIPT_SANDBOXING = YES;
				GCC_C_LANGUAGE_STANDARD = gnu17;
				GCC_DYNAMIC_NO_PIC = NO;
				GCC_NO_COMMON_BLOCKS = YES;
				GCC_OPTIMIZATION_LEVEL = 0;
				GCC_PREPROCESSOR_DEFINITIONS = (
					"DEBUG=1",
					"$(inherited)",
				);
				GCC_WARN_64_TO_32_BIT_CONVERSION = YES;
				GCC_WARN_ABOUT_RETURN_TYPE = YES_ERROR;
				GCC_WARN_UNDECLARED_SELECTOR = YES;
				GCC_WARN_UNINITIALIZED_AUTOS = YES_AGGRESSIVE;
				GCC_WARN_UNUSED_FUNCTION = YES;
				GCC_WARN_UNUSED_VARIABLE = YES;
				IPHONEOS_DEPLOYMENT_TARGET = 17.0;
				LOCALIZATION_PREFERS_STRING_CATALOGS = YES;
				MTL_ENABLE_DEBUG_INFO = INCLUDE_SOURCE;
				MTL_FAST_MATH = YES;
				ONLY_ACTIVE_ARCH = YES;
				SDKROOT = iphoneos;
			};
			name = Debug;
		};
		734758BD2B0F038D00E56CA2 /* Release */ = {
			isa = XCBuildConfiguration;
			buildSettings = {
				ALWAYS_SEARCH_USER_PATHS = NO;
				ASSETCATALOG_COMPILER_GENERATE_SWIFT_ASSET_SYMBOL_EXTENSIONS = YES;
				CLANG_ANALYZER_NONNULL = YES;
				CLANG_ANALYZER_NUMBER_OBJECT_CONVERSION = YES_AGGRESSIVE;
				CLANG_CXX_LANGUAGE_STANDARD = "gnu++20";
				CLANG_ENABLE_MODULES = YES;
				CLANG_ENABLE_OBJC_ARC = YES;
				CLANG_ENABLE_OBJC_WEAK = YES;
				CLANG_WARN_BLOCK_CAPTURE_AUTORELEASING = YES;
				CLANG_WARN_BOOL_CONVERSION = YES;
				CLANG_WARN_COMMA = YES;
				CLANG_WARN_CONSTANT_CONVERSION = YES;
				CLANG_WARN_DEPRECATED_OBJC_IMPLEMENTATIONS = YES;
				CLANG_WARN_DIRECT_OBJC_ISA_USAGE = YES_ERROR;
				CLANG_WARN_DOCUMENTATION_COMMENTS = YES;
				CLANG_WARN_EMPTY_BODY = YES;
				CLANG_WARN_ENUM_CONVERSION = YES;
				CLANG_WARN_INFINITE_RECURSION = YES;
				CLANG_WARN_INT_CONVERSION = YES;
				CLANG_WARN_NON_LITERAL_NULL_CONVERSION = YES;
				CLANG_WARN_OBJC_IMPLICIT_RETAIN_SELF = YES;
				CLANG_WARN_OBJC_LITERAL_CONVERSION = YES;
				CLANG_WARN_OBJC_ROOT_CLASS = YES_ERROR;
				CLANG_WARN_QUOTED_INCLUDE_IN_FRAMEWORK_HEADER = YES;
				CLANG_WARN_RANGE_LOOP_ANALYSIS = YES;
				CLANG_WARN_STRICT_PROTOTYPES = YES;
				CLANG_WARN_SUSPICIOUS_MOVE = YES;
				CLANG_WARN_UNGUARDED_AVAILABILITY = YES_AGGRESSIVE;
				CLANG_WARN_UNREACHABLE_CODE = YES;
				CLANG_WARN__DUPLICATE_METHOD_MATCH = YES;
				COPY_PHASE_STRIP = NO;
				DEBUG_INFORMATION_FORMAT = "dwarf-with-dsym";
				ENABLE_NS_ASSERTIONS = NO;
				ENABLE_STRICT_OBJC_MSGSEND = YES;
				ENABLE_USER_SCRIPT_SANDBOXING = YES;
				GCC_C_LANGUAGE_STANDARD = gnu17;
				GCC_NO_COMMON_BLOCKS = YES;
				GCC_WARN_64_TO_32_BIT_CONVERSION = YES;
				GCC_WARN_ABOUT_RETURN_TYPE = YES_ERROR;
				GCC_WARN_UNDECLARED_SELECTOR = YES;
				GCC_WARN_UNINITIALIZED_AUTOS = YES_AGGRESSIVE;
				GCC_WARN_UNUSED_FUNCTION = YES;
				GCC_WARN_UNUSED_VARIABLE = YES;
				IPHONEOS_DEPLOYMENT_TARGET = 17.0;
				LOCALIZATION_PREFERS_STRING_CATALOGS = YES;
				MTL_ENABLE_DEBUG_INFO = NO;
				MTL_FAST_MATH = YES;
				SDKROOT = iphoneos;
				VALIDATE_PRODUCT = YES;
			};
			name = Release;
		};
		734758BF2B0F038D00E56CA2 /* Debug */ = {
			isa = XCBuildConfiguration;
			buildSettings = {
				ASSETCATALOG_COMPILER_APPICON_NAME = AppIcon;
				ASSETCATALOG_COMPILER_GLOBAL_ACCENT_COLOR_NAME = AccentColor;
				CODE_SIGN_STYLE = Automatic;
				CURRENT_PROJECT_VERSION = 1;
				DEVELOPMENT_TEAM = 24AELEU9GW;
				GENERATE_INFOPLIST_FILE = YES;
				INFOPLIST_FILE = Lang/Info.plist;
				INFOPLIST_KEY_UIApplicationSupportsIndirectInputEvents = YES;
				INFOPLIST_KEY_UILaunchStoryboardName = LaunchScreen;
				INFOPLIST_KEY_UIMainStoryboardFile = Main;
				INFOPLIST_KEY_UISupportedInterfaceOrientations_iPad = "UIInterfaceOrientationPortrait UIInterfaceOrientationPortraitUpsideDown UIInterfaceOrientationLandscapeLeft UIInterfaceOrientationLandscapeRight";
				INFOPLIST_KEY_UISupportedInterfaceOrientations_iPhone = "UIInterfaceOrientationPortrait UIInterfaceOrientationLandscapeLeft UIInterfaceOrientationLandscapeRight";
				LD_RUNPATH_SEARCH_PATHS = (
					"$(inherited)",
					"@executable_path/Frameworks",
				);
				MARKETING_VERSION = 1.0;
				PRODUCT_BUNDLE_IDENTIFIER = mac.Lang;
				PRODUCT_NAME = "$(TARGET_NAME)";
				SWIFT_EMIT_LOC_STRINGS = YES;
				TARGETED_DEVICE_FAMILY = "1,2";
			};
			name = Debug;
		};
		734758C02B0F038D00E56CA2 /* Release */ = {
			isa = XCBuildConfiguration;
			buildSettings = {
				ASSETCATALOG_COMPILER_APPICON_NAME = AppIcon;
				ASSETCATALOG_COMPILER_GLOBAL_ACCENT_COLOR_NAME = AccentColor;
				CODE_SIGN_STYLE = Automatic;
				CURRENT_PROJECT_VERSION = 1;
				DEVELOPMENT_TEAM = 24AELEU9GW;
				GENERATE_INFOPLIST_FILE = YES;
				INFOPLIST_FILE = Lang/Info.plist;
				INFOPLIST_KEY_UIApplicationSupportsIndirectInputEvents = YES;
				INFOPLIST_KEY_UILaunchStoryboardName = LaunchScreen;
				INFOPLIST_KEY_UIMainStoryboardFile = Main;
				INFOPLIST_KEY_UISupportedInterfaceOrientations_iPad = "UIInterfaceOrientationPortrait UIInterfaceOrientationPortraitUpsideDown UIInterfaceOrientationLandscapeLeft UIInterfaceOrientationLandscapeRight";
				INFOPLIST_KEY_UISupportedInterfaceOrientations_iPhone = "UIInterfaceOrientationPortrait UIInterfaceOrientationLandscapeLeft UIInterfaceOrientationLandscapeRight";
				LD_RUNPATH_SEARCH_PATHS = (
					"$(inherited)",
					"@executable_path/Frameworks",
				);
				MARKETING_VERSION = 1.0;
				PRODUCT_BUNDLE_IDENTIFIER = mac.Lang;
				PRODUCT_NAME = "$(TARGET_NAME)";
				SWIFT_EMIT_LOC_STRINGS = YES;
				TARGETED_DEVICE_FAMILY = "1,2";
			};
			name = Release;
		};
/* End XCBuildConfiguration section */

/* Begin XCConfigurationList section */
		734758A02B0F038B00E56CA2 /* Build configuration list for PBXProject "Lang" */ = {
			isa = XCConfigurationList;
			buildConfigurations = (
				734758BC2B0F038D00E56CA2 /* Debug */,
				734758BD2B0F038D00E56CA2 /* Release */,
			);
			defaultConfigurationIsVisible = 0;
			defaultConfigurationName = Release;
		};
		734758BE2B0F038D00E56CA2 /* Build configuration list for PBXNativeTarget "Lang" */ = {
			isa = XCConfigurationList;
			buildConfigurations = (
				734758BF2B0F038D00E56CA2 /* Debug */,
				734758C02B0F038D00E56CA2 /* Release */,
			);
			defaultConfigurationIsVisible = 0;
			defaultConfigurationName = Release;
		};
/* End XCConfigurationList section */
	};
	rootObject = 7347589D2B0F038B00E56CA2 /* Project object */;
}
